// !$*UTF8*$!
{
	archiveVersion = 1;
	classes = {
	};
	objectVersion = 50;
	objects = {

/* Begin PBXBuildFile section */
		C26029852108CE020025380F /* AppDelegate.m in Sources */ = {isa = PBXBuildFile; fileRef = C26029842108CE020025380F /* AppDelegate.m */; };
		C26029882108CE020025380F /* ViewController.m in Sources */ = {isa = PBXBuildFile; fileRef = C26029872108CE020025380F /* ViewController.m */; };
		C260298B2108CE020025380F /* Main.storyboard in Resources */ = {isa = PBXBuildFile; fileRef = C26029892108CE020025380F /* Main.storyboard */; };
		C260298D2108CE040025380F /* Assets.xcassets in Resources */ = {isa = PBXBuildFile; fileRef = C260298C2108CE040025380F /* Assets.xcassets */; };
		C26029902108CE040025380F /* LaunchScreen.storyboard in Resources */ = {isa = PBXBuildFile; fileRef = C260298E2108CE040025380F /* LaunchScreen.storyboard */; };
		C26029932108CE040025380F /* main.m in Sources */ = {isa = PBXBuildFile; fileRef = C26029922108CE040025380F /* main.m */; };
		C260299D2108CE040025380F /* gittestTests.m in Sources */ = {isa = PBXBuildFile; fileRef = C260299C2108CE040025380F /* gittestTests.m */; };
		C26029A82108CE040025380F /* gittestUITests.m in Sources */ = {isa = PBXBuildFile; fileRef = C26029A72108CE040025380F /* gittestUITests.m */; };
/* End PBXBuildFile section */

/* Begin PBXContainerItemProxy section */
		C26029992108CE040025380F /* PBXContainerItemProxy */ = {
			isa = PBXContainerItemProxy;
			containerPortal = C26029782108CE020025380F /* Project object */;
			proxyType = 1;
			remoteGlobalIDString = C260297F2108CE020025380F;
			remoteInfo = gittest;
		};
		C26029A42108CE040025380F /* PBXContainerItemProxy */ = {
			isa = PBXContainerItemProxy;
			containerPortal = C26029782108CE020025380F /* Project object */;
			proxyType = 1;
			remoteGlobalIDString = C260297F2108CE020025380F;
			remoteInfo = gittest;
		};
/* End PBXContainerItemProxy section */

/* Begin PBXFileReference section */
		C26029802108CE020025380F /* gittest.app */ = {isa = PBXFileReference; explicitFileType = wrapper.application; includeInIndex = 0; path = gittest.app; sourceTree = BUILT_PRODUCTS_DIR; };
		C26029832108CE020025380F /* AppDelegate.h */ = {isa = PBXFileReference; lastKnownFileType = sourcecode.c.h; path = AppDelegate.h; sourceTree = "<group>"; };
		C26029842108CE020025380F /* AppDelegate.m */ = {isa = PBXFileReference; lastKnownFileType = sourcecode.c.objc; path = AppDelegate.m; sourceTree = "<group>"; };
		C26029862108CE020025380F /* ViewController.h */ = {isa = PBXFileReference; lastKnownFileType = sourcecode.c.h; path = ViewController.h; sourceTree = "<group>"; };
		C26029872108CE020025380F /* ViewController.m */ = {isa = PBXFileReference; lastKnownFileType = sourcecode.c.objc; path = ViewController.m; sourceTree = "<group>"; };
		C260298A2108CE020025380F /* Base */ = {isa = PBXFileReference; lastKnownFileType = file.storyboard; name = Base; path = Base.lproj/Main.storyboard; sourceTree = "<group>"; };
		C260298C2108CE040025380F /* Assets.xcassets */ = {isa = PBXFileReference; lastKnownFileType = folder.assetcatalog; path = Assets.xcassets; sourceTree = "<group>"; };
		C260298F2108CE040025380F /* Base */ = {isa = PBXFileReference; lastKnownFileType = file.storyboard; name = Base; path = Base.lproj/LaunchScreen.storyboard; sourceTree = "<group>"; };
		C26029912108CE040025380F /* Info.plist */ = {isa = PBXFileReference; lastKnownFileType = text.plist.xml; path = Info.plist; sourceTree = "<group>"; };
		C26029922108CE040025380F /* main.m */ = {isa = PBXFileReference; lastKnownFileType = sourcecode.c.objc; path = main.m; sourceTree = "<group>"; };
		C26029982108CE040025380F /* gittestTests.xctest */ = {isa = PBXFileReference; explicitFileType = wrapper.cfbundle; includeInIndex = 0; path = gittestTests.xctest; sourceTree = BUILT_PRODUCTS_DIR; };
		C260299C2108CE040025380F /* gittestTests.m */ = {isa = PBXFileReference; lastKnownFileType = sourcecode.c.objc; path = gittestTests.m; sourceTree = "<group>"; };
		C260299E2108CE040025380F /* Info.plist */ = {isa = PBXFileReference; lastKnownFileType = text.plist.xml; path = Info.plist; sourceTree = "<group>"; };
		C26029A32108CE040025380F /* gittestUITests.xctest */ = {isa = PBXFileReference; explicitFileType = wrapper.cfbundle; includeInIndex = 0; path = gittestUITests.xctest; sourceTree = BUILT_PRODUCTS_DIR; };
		C26029A72108CE040025380F /* gittestUITests.m */ = {isa = PBXFileReference; lastKnownFileType = sourcecode.c.objc; path = gittestUITests.m; sourceTree = "<group>"; };
		C26029A92108CE040025380F /* Info.plist */ = {isa = PBXFileReference; lastKnownFileType = text.plist.xml; path = Info.plist; sourceTree = "<group>"; };
/* End PBXFileReference section */

/* Begin PBXFrameworksBuildPhase section */
		C260297D2108CE020025380F /* Frameworks */ = {
			isa = PBXFrameworksBuildPhase;
			buildActionMask = 2147483647;
			files = (
			);
			runOnlyForDeploymentPostprocessing = 0;
		};
		C26029952108CE040025380F /* Frameworks */ = {
			isa = PBXFrameworksBuildPhase;
			buildActionMask = 2147483647;
			files = (
			);
			runOnlyForDeploymentPostprocessing = 0;
		};
		C26029A02108CE040025380F /* Frameworks */ = {
			isa = PBXFrameworksBuildPhase;
			buildActionMask = 2147483647;
			files = (
			);
			runOnlyForDeploymentPostprocessing = 0;
		};
/* End PBXFrameworksBuildPhase section */

/* Begin PBXGroup section */
		C26029772108CE020025380F = {
			isa = PBXGroup;
			children = (
				C26029822108CE020025380F /* gittest */,
				C260299B2108CE040025380F /* gittestTests */,
				C26029A62108CE040025380F /* gittestUITests */,
				C26029812108CE020025380F /* Products */,
			);
			sourceTree = "<group>";
		};
		C26029812108CE020025380F /* Products */ = {
			isa = PBXGroup;
			children = (
				C26029802108CE020025380F /* gittest.app */,
				C26029982108CE040025380F /* gittestTests.xctest */,
				C26029A32108CE040025380F /* gittestUITests.xctest */,
			);
			name = Products;
			sourceTree = "<group>";
		};
		C26029822108CE020025380F /* gittest */ = {
			isa = PBXGroup;
			children = (
				C26029832108CE020025380F /* AppDelegate.h */,
				C26029842108CE020025380F /* AppDelegate.m */,
				C26029862108CE020025380F /* ViewController.h */,
				C26029872108CE020025380F /* ViewController.m */,
				C26029892108CE020025380F /* Main.storyboard */,
				C260298C2108CE040025380F /* Assets.xcassets */,
				C260298E2108CE040025380F /* LaunchScreen.storyboard */,
				C26029912108CE040025380F /* Info.plist */,
				C26029922108CE040025380F /* main.m */,
			);
			path = gittest;
			sourceTree = "<group>";
		};
		C260299B2108CE040025380F /* gittestTests */ = {
			isa = PBXGroup;
			children = (
				C260299C2108CE040025380F /* gittestTests.m */,
				C260299E2108CE040025380F /* Info.plist */,
			);
			path = gittestTests;
			sourceTree = "<group>";
		};
		C26029A62108CE040025380F /* gittestUITests */ = {
			isa = PBXGroup;
			children = (
				C26029A72108CE040025380F /* gittestUITests.m */,
				C26029A92108CE040025380F /* Info.plist */,
			);
			path = gittestUITests;
			sourceTree = "<group>";
		};
/* End PBXGroup section */

/* Begin PBXNativeTarget section */
		C260297F2108CE020025380F /* gittest */ = {
			isa = PBXNativeTarget;
			buildConfigurationList = C26029AC2108CE040025380F /* Build configuration list for PBXNativeTarget "gittest" */;
			buildPhases = (
				C260297C2108CE020025380F /* Sources */,
				C260297D2108CE020025380F /* Frameworks */,
				C260297E2108CE020025380F /* Resources */,
			);
			buildRules = (
			);
			dependencies = (
			);
			name = gittest;
			productName = gittest;
			productReference = C26029802108CE020025380F /* gittest.app */;
			productType = "com.apple.product-type.application";
		};
		C26029972108CE040025380F /* gittestTests */ = {
			isa = PBXNativeTarget;
			buildConfigurationList = C26029AF2108CE040025380F /* Build configuration list for PBXNativeTarget "gittestTests" */;
			buildPhases = (
				C26029942108CE040025380F /* Sources */,
				C26029952108CE040025380F /* Frameworks */,
				C26029962108CE040025380F /* Resources */,
			);
			buildRules = (
			);
			dependencies = (
				C260299A2108CE040025380F /* PBXTargetDependency */,
			);
			name = gittestTests;
			productName = gittestTests;
			productReference = C26029982108CE040025380F /* gittestTests.xctest */;
			productType = "com.apple.product-type.bundle.unit-test";
		};
		C26029A22108CE040025380F /* gittestUITests */ = {
			isa = PBXNativeTarget;
			buildConfigurationList = C26029B22108CE040025380F /* Build configuration list for PBXNativeTarget "gittestUITests" */;
			buildPhases = (
				C260299F2108CE040025380F /* Sources */,
				C26029A02108CE040025380F /* Frameworks */,
				C26029A12108CE040025380F /* Resources */,
			);
			buildRules = (
			);
			dependencies = (
				C26029A52108CE040025380F /* PBXTargetDependency */,
			);
			name = gittestUITests;
			productName = gittestUITests;
			productReference = C26029A32108CE040025380F /* gittestUITests.xctest */;
			productType = "com.apple.product-type.bundle.ui-testing";
		};
/* End PBXNativeTarget section */

/* Begin PBXProject section */
		C26029782108CE020025380F /* Project object */ = {
			isa = PBXProject;
			attributes = {
				LastUpgradeCheck = 0940;
				ORGANIZATIONNAME = tstone;
				TargetAttributes = {
					C260297F2108CE020025380F = {
						CreatedOnToolsVersion = 9.4.1;
					};
					C26029972108CE040025380F = {
						CreatedOnToolsVersion = 9.4.1;
						TestTargetID = C260297F2108CE020025380F;
					};
					C26029A22108CE040025380F = {
						CreatedOnToolsVersion = 9.4.1;
						TestTargetID = C260297F2108CE020025380F;
					};
				};
			};
			buildConfigurationList = C260297B2108CE020025380F /* Build configuration list for PBXProject "gittest" */;
			compatibilityVersion = "Xcode 9.3";
			developmentRegion = en;
			hasScannedForEncodings = 0;
			knownRegions = (
				en,
				Base,
			);
			mainGroup = C26029772108CE020025380F;
			productRefGroup = C26029812108CE020025380F /* Products */;
			projectDirPath = "";
			projectRoot = "";
			targets = (
				C260297F2108CE020025380F /* gittest */,
				C26029972108CE040025380F /* gittestTests */,
				C26029A22108CE040025380F /* gittestUITests */,
			);
		};
/* End PBXProject section */

/* Begin PBXResourcesBuildPhase section */
		C260297E2108CE020025380F /* Resources */ = {
			isa = PBXResourcesBuildPhase;
			buildActionMask = 2147483647;
			files = (
				C26029902108CE040025380F /* LaunchScreen.storyboard in Resources */,
				C260298D2108CE040025380F /* Assets.xcassets in Resources */,
				C260298B2108CE020025380F /* Main.storyboard in Resources */,
			);
			runOnlyForDeploymentPostprocessing = 0;
		};
		C26029962108CE040025380F /* Resources */ = {
			isa = PBXResourcesBuildPhase;
			buildActionMask = 2147483647;
			files = (
			);
			runOnlyForDeploymentPostprocessing = 0;
		};
		C26029A12108CE040025380F /* Resources */ = {
			isa = PBXResourcesBuildPhase;
			buildActionMask = 2147483647;
			files = (
			);
			runOnlyForDeploymentPostprocessing = 0;
		};
/* End PBXResourcesBuildPhase section */

/* Begin PBXSourcesBuildPhase section */
		C260297C2108CE020025380F /* Sources */ = {
			isa = PBXSourcesBuildPhase;
			buildActionMask = 2147483647;
			files = (
				C26029882108CE020025380F /* ViewController.m in Sources */,
				C26029932108CE040025380F /* main.m in Sources */,
				C26029852108CE020025380F /* AppDelegate.m in Sources */,
			);
			runOnlyForDeploymentPostprocessing = 0;
		};
		C26029942108CE040025380F /* Sources */ = {
			isa = PBXSourcesBuildPhase;
			buildActionMask = 2147483647;
			files = (
				C260299D2108CE040025380F /* gittestTests.m in Sources */,
			);
			runOnlyForDeploymentPostprocessing = 0;
		};
		C260299F2108CE040025380F /* Sources */ = {
			isa = PBXSourcesBuildPhase;
			buildActionMask = 2147483647;
			files = (
				C26029A82108CE040025380F /* gittestUITests.m in Sources */,
			);
			runOnlyForDeploymentPostprocessing = 0;
		};
/* End PBXSourcesBuildPhase section */

/* Begin PBXTargetDependency section */
		C260299A2108CE040025380F /* PBXTargetDependency */ = {
			isa = PBXTargetDependency;
			target = C260297F2108CE020025380F /* gittest */;
			targetProxy = C26029992108CE040025380F /* PBXContainerItemProxy */;
		};
		C26029A52108CE040025380F /* PBXTargetDependency */ = {
			isa = PBXTargetDependency;
			target = C260297F2108CE020025380F /* gittest */;
			targetProxy = C26029A42108CE040025380F /* PBXContainerItemProxy */;
		};
/* End PBXTargetDependency section */

/* Begin PBXVariantGroup section */
		C26029892108CE020025380F /* Main.storyboard */ = {
			isa = PBXVariantGroup;
			children = (
				C260298A2108CE020025380F /* Base */,
			);
			name = Main.storyboard;
			sourceTree = "<group>";
		};
		C260298E2108CE040025380F /* LaunchScreen.storyboard */ = {
			isa = PBXVariantGroup;
			children = (
				C260298F2108CE040025380F /* Base */,
			);
			name = LaunchScreen.storyboard;
			sourceTree = "<group>";
		};
/* End PBXVariantGroup section */

/* Begin XCBuildConfiguration section */
		C26029AA2108CE040025380F /* Debug */ = {
			isa = XCBuildConfiguration;
			buildSettings = {
				ALWAYS_SEARCH_USER_PATHS = NO;
				CLANG_ANALYZER_NONNULL = YES;
				CLANG_ANALYZER_NUMBER_OBJECT_CONVERSION = YES_AGGRESSIVE;
				CLANG_CXX_LANGUAGE_STANDARD = "gnu++14";
				CLANG_CXX_LIBRARY = "libc++";
				CLANG_ENABLE_MODULES = YES;
				CLANG_ENABLE_OBJC_ARC = YES;
				CLANG_ENABLE_OBJC_WEAK = YES;
				CLANG_WARN_BLOCK_CAPTURE_AUTORELEASING = YES;
				CLANG_WARN_BOOL_CONVERSION = YES;
				CLANG_WARN_COMMA = YES;
				CLANG_WARN_CONSTANT_CONVERSION = YES;
				CLANG_WARN_DEPRECATED_OBJC_IMPLEMENTATIONS = YES;
				CLANG_WARN_DIRECT_OBJC_ISA_USAGE = YES_ERROR;
				CLANG_WARN_DOCUMENTATION_COMMENTS = YES;
				CLANG_WARN_EMPTY_BODY = YES;
				CLANG_WARN_ENUM_CONVERSION = YES;
				CLANG_WARN_INFINITE_RECURSION = YES;
				CLANG_WARN_INT_CONVERSION = YES;
				CLANG_WARN_NON_LITERAL_NULL_CONVERSION = YES;
				CLANG_WARN_OBJC_IMPLICIT_RETAIN_SELF = YES;
				CLANG_WARN_OBJC_LITERAL_CONVERSION = YES;
				CLANG_WARN_OBJC_ROOT_CLASS = YES_ERROR;
				CLANG_WARN_RANGE_LOOP_ANALYSIS = YES;
				CLANG_WARN_STRICT_PROTOTYPES = YES;
				CLANG_WARN_SUSPICIOUS_MOVE = YES;
				CLANG_WARN_UNGUARDED_AVAILABILITY = YES_AGGRESSIVE;
				CLANG_WARN_UNREACHABLE_CODE = YES;
				CLANG_WARN__DUPLICATE_METHOD_MATCH = YES;
				CODE_SIGN_IDENTITY = "iPhone Developer";
				COPY_PHASE_STRIP = NO;
				DEBUG_INFORMATION_FORMAT = dwarf;
				ENABLE_STRICT_OBJC_MSGSEND = YES;
				ENABLE_TESTABILITY = YES;
				GCC_C_LANGUAGE_STANDARD = gnu11;
				GCC_DYNAMIC_NO_PIC = NO;
				GCC_NO_COMMON_BLOCKS = YES;
				GCC_OPTIMIZATION_LEVEL = 0;
				GCC_PREPROCESSOR_DEFINITIONS = (
					"DEBUG=1",
					"$(inherited)",
				);
				GCC_WARN_64_TO_32_BIT_CONVERSION = YES;
				GCC_WARN_ABOUT_RETURN_TYPE = YES_ERROR;
				GCC_WARN_UNDECLARED_SELECTOR = YES;
				GCC_WARN_UNINITIALIZED_AUTOS = YES_AGGRESSIVE;
				GCC_WARN_UNUSED_FUNCTION = YES;
				GCC_WARN_UNUSED_VARIABLE = YES;
				IPHONEOS_DEPLOYMENT_TARGET = 11.4;
				MTL_ENABLE_DEBUG_INFO = YES;
				ONLY_ACTIVE_ARCH = YES;
				SDKROOT = iphoneos;
			};
			name = Debug;
		};
		C26029AB2108CE040025380F /* Release */ = {
			isa = XCBuildConfiguration;
			buildSettings = {
				ALWAYS_SEARCH_USER_PATHS = NO;
				CLANG_ANALYZER_NONNULL = YES;
				CLANG_ANALYZER_NUMBER_OBJECT_CONVERSION = YES_AGGRESSIVE;
				CLANG_CXX_LANGUAGE_STANDARD = "gnu++14";
				CLANG_CXX_LIBRARY = "libc++";
				CLANG_ENABLE_MODULES = YES;
				CLANG_ENABLE_OBJC_ARC = YES;
				CLANG_ENABLE_OBJC_WEAK = YES;
				CLANG_WARN_BLOCK_CAPTURE_AUTORELEASING = YES;
				CLANG_WARN_BOOL_CONVERSION = YES;
				CLANG_WARN_COMMA = YES;
				CLANG_WARN_CONSTANT_CONVERSION = YES;
				CLANG_WARN_DEPRECATED_OBJC_IMPLEMENTATIONS = YES;
				CLANG_WARN_DIRECT_OBJC_ISA_USAGE = YES_ERROR;
				CLANG_WARN_DOCUMENTATION_COMMENTS = YES;
				CLANG_WARN_EMPTY_BODY = YES;
				CLANG_WARN_ENUM_CONVERSION = YES;
				CLANG_WARN_INFINITE_RECURSION = YES;
				CLANG_WARN_INT_CONVERSION = YES;
				CLANG_WARN_NON_LITERAL_NULL_CONVERSION = YES;
				CLANG_WARN_OBJC_IMPLICIT_RETAIN_SELF = YES;
				CLANG_WARN_OBJC_LITERAL_CONVERSION = YES;
				CLANG_WARN_OBJC_ROOT_CLASS = YES_ERROR;
				CLANG_WARN_RANGE_LOOP_ANALYSIS = YES;
				CLANG_WARN_STRICT_PROTOTYPES = YES;
				CLANG_WARN_SUSPICIOUS_MOVE = YES;
				CLANG_WARN_UNGUARDED_AVAILABILITY = YES_AGGRESSIVE;
				CLANG_WARN_UNREACHABLE_CODE = YES;
				CLANG_WARN__DUPLICATE_METHOD_MATCH = YES;
				CODE_SIGN_IDENTITY = "iPhone Developer";
				COPY_PHASE_STRIP = NO;
				DEBUG_INFORMATION_FORMAT = "dwarf-with-dsym";
				ENABLE_NS_ASSERTIONS = NO;
				ENABLE_STRICT_OBJC_MSGSEND = YES;
				GCC_C_LANGUAGE_STANDARD = gnu11;
				GCC_NO_COMMON_BLOCKS = YES;
				GCC_WARN_64_TO_32_BIT_CONVERSION = YES;
				GCC_WARN_ABOUT_RETURN_TYPE = YES_ERROR;
				GCC_WARN_UNDECLARED_SELECTOR = YES;
				GCC_WARN_UNINITIALIZED_AUTOS = YES_AGGRESSIVE;
				GCC_WARN_UNUSED_FUNCTION = YES;
				GCC_WARN_UNUSED_VARIABLE = YES;
				IPHONEOS_DEPLOYMENT_TARGET = 11.4;
				MTL_ENABLE_DEBUG_INFO = NO;
				SDKROOT = iphoneos;
				VALIDATE_PRODUCT = YES;
			};
			name = Release;
		};
		C26029AD2108CE040025380F /* Debug */ = {
			isa = XCBuildConfiguration;
			buildSettings = {
				ASSETCATALOG_COMPILER_APPICON_NAME = AppIcon;
				CODE_SIGN_STYLE = Automatic;
				INFOPLIST_FILE = gittest/Info.plist;
				LD_RUNPATH_SEARCH_PATHS = (
					"$(inherited)",
					"@executable_path/Frameworks",
				);
				PRODUCT_BUNDLE_IDENTIFIER = com.tstone.hello.gittest;
				PRODUCT_NAME = "$(TARGET_NAME)";
				TARGETED_DEVICE_FAMILY = "1,2";
			};
			name = Debug;
		};
		C26029AE2108CE040025380F /* Release */ = {
			isa = XCBuildConfiguration;
			buildSettings = {
				ASSETCATALOG_COMPILER_APPICON_NAME = AppIcon;
				CODE_SIGN_STYLE = Automatic;
				INFOPLIST_FILE = gittest/Info.plist;
				LD_RUNPATH_SEARCH_PATHS = (
					"$(inherited)",
					"@executable_path/Frameworks",
				);
				PRODUCT_BUNDLE_IDENTIFIER = com.tstone.hello.gittest;
				PRODUCT_NAME = "$(TARGET_NAME)";
				TARGETED_DEVICE_FAMILY = "1,2";
			};
			name = Release;
		};
		C26029B02108CE040025380F /* Debug */ = {
			isa = XCBuildConfiguration;
			buildSettings = {
				BUNDLE_LOADER = "$(TEST_HOST)";
				CODE_SIGN_STYLE = Automatic;
				INFOPLIST_FILE = gittestTests/Info.plist;
				LD_RUNPATH_SEARCH_PATHS = (
					"$(inherited)",
					"@executable_path/Frameworks",
					"@loader_path/Frameworks",
				);
				PRODUCT_BUNDLE_IDENTIFIER = com.tstone.hello.gittestTests;
				PRODUCT_NAME = "$(TARGET_NAME)";
				TARGETED_DEVICE_FAMILY = "1,2";
				TEST_HOST = "$(BUILT_PRODUCTS_DIR)/gittest.app/gittest";
			};
			name = Debug;
		};
		C26029B12108CE040025380F /* Release */ = {
			isa = XCBuildConfiguration;
			buildSettings = {
				BUNDLE_LOADER = "$(TEST_HOST)";
				CODE_SIGN_STYLE = Automatic;
				INFOPLIST_FILE = gittestTests/Info.plist;
				LD_RUNPATH_SEARCH_PATHS = (
					"$(inherited)",
					"@executable_path/Frameworks",
					"@loader_path/Frameworks",
				);
				PRODUCT_BUNDLE_IDENTIFIER = com.tstone.hello.gittestTests;
				PRODUCT_NAME = "$(TARGET_NAME)";
				TARGETED_DEVICE_FAMILY = "1,2";
				TEST_HOST = "$(BUILT_PRODUCTS_DIR)/gittest.app/gittest";
			};
			name = Release;
		};
		C26029B32108CE040025380F /* Debug */ = {
			isa = XCBuildConfiguration;
			buildSettings = {
				CODE_SIGN_STYLE = Automatic;
				INFOPLIST_FILE = gittestUITests/Info.plist;
				LD_RUNPATH_SEARCH_PATHS = (
					"$(inherited)",
					"@executable_path/Frameworks",
					"@loader_path/Frameworks",
				);
				PRODUCT_BUNDLE_IDENTIFIER = com.tstone.hello.gittestUITests;
				PRODUCT_NAME = "$(TARGET_NAME)";
				TARGETED_DEVICE_FAMILY = "1,2";
				TEST_TARGET_NAME = gittest;
			};
			name = Debug;
		};
		C26029B42108CE040025380F /* Release */ = {
			isa = XCBuildConfiguration;
			buildSettings = {
				CODE_SIGN_STYLE = Automatic;
				INFOPLIST_FILE = gittestUITests/Info.plist;
				LD_RUNPATH_SEARCH_PATHS = (
					"$(inherited)",
					"@executable_path/Frameworks",
					"@loader_path/Frameworks",
				);
				PRODUCT_BUNDLE_IDENTIFIER = com.tstone.hello.gittestUITests;
				PRODUCT_NAME = "$(TARGET_NAME)";
				TARGETED_DEVICE_FAMILY = "1,2";
				TEST_TARGET_NAME = gittest;
			};
			name = Release;
		};
/* End XCBuildConfiguration section */

/* Begin XCConfigurationList section */
		C260297B2108CE020025380F /* Build configuration list for PBXProject "gittest" */ = {
			isa = XCConfigurationList;
			buildConfigurations = (
				C26029AA2108CE040025380F /* Debug */,
				C26029AB2108CE040025380F /* Release */,
			);
			defaultConfigurationIsVisible = 0;
			defaultConfigurationName = Release;
		};
		C26029AC2108CE040025380F /* Build configuration list for PBXNativeTarget "gittest" */ = {
			isa = XCConfigurationList;
			buildConfigurations = (
				C26029AD2108CE040025380F /* Debug */,
				C26029AE2108CE040025380F /* Release */,
			);
			defaultConfigurationIsVisible = 0;
			defaultConfigurationName = Release;
		};
		C26029AF2108CE040025380F /* Build configuration list for PBXNativeTarget "gittestTests" */ = {
			isa = XCConfigurationList;
			buildConfigurations = (
				C26029B02108CE040025380F /* Debug */,
				C26029B12108CE040025380F /* Release */,
			);
			defaultConfigurationIsVisible = 0;
			defaultConfigurationName = Release;
		};
		C26029B22108CE040025380F /* Build configuration list for PBXNativeTarget "gittestUITests" */ = {
			isa = XCConfigurationList;
			buildConfigurations = (
				C26029B32108CE040025380F /* Debug */,
				C26029B42108CE040025380F /* Release */,
			);
			defaultConfigurationIsVisible = 0;
			defaultConfigurationName = Release;
		};
/* End XCConfigurationList section */
	};
	rootObject = C26029782108CE020025380F /* Project object */;
}
